<?xml version="1.0" encoding="utf-8"?>
<Project ToolsVersion="4.0" xmlns="http://schemas.microsoft.com/developer/msbuild/2003">
  <ItemGroup>
    <ClCompile Include="Code\Calculator\Calculator.cpp">
      <Filter>Code\Calculator</Filter>
    </ClCompile>
    <ClCompile Include="Code\Factorials\Factorials.cpp">
      <Filter>Code\Factorials</Filter>
    </ClCompile>
    <ClCompile Include="Tests\Factorials\FactorialTests.cpp">
      <Filter>Tests\Factorials</Filter>
    </ClCompile>
    <ClCompile Include="Code\GildedRose\GildedRose.cpp">
      <Filter>Code\GildedRose</Filter>
    </ClCompile>
    <ClCompile Include="Code\PastaMaker\Ingredient.cpp">
      <Filter>Code\PastaMaker</Filter>
    </ClCompile>
    <ClCompile Include="Tests\TDD\TDDNavigatorTests.cpp">
      <Filter>Tests\StarWars</Filter>
    </ClCompile>
    <ClCompile Include="Code\PastaMaker\PastaMaker.cpp">
      <Filter>Code\PastaMaker</Filter>
    </ClCompile>
    <ClCompile Include="Code\SOLID\Student.cpp">
      <Filter>Code\SOLID</Filter>
    </ClCompile>
    <ClCompile Include="Code\SOLID\StudentRepository.cpp">
      <Filter>Code\SOLID</Filter>
    </ClCompile>
    <ClCompile Include="Code\SOLID\StudentService.cpp">
      <Filter>Code\SOLID</Filter>
    </ClCompile>
    <ClCompile Include="Code\SOLID\University.cpp">
      <Filter>Code\SOLID</Filter>
    </ClCompile>
    <ClCompile Include="Code\SOLID\UniversityRepository.cpp">
      <Filter>Code\SOLID</Filter>
    </ClCompile>
    <ClCompile Include="Code\Words\Words.cpp">
      <Filter>Code\Words</Filter>
    </ClCompile>
    <ClCompile Include="Tests\GildedRose\GildedRoseTests.cpp">
      <Filter>Tests\GildedRose</Filter>
    </ClCompile>
    <ClCompile Include="main.cpp" />
    <ClCompile Include="Code\CodingByIntention\Navigator.cpp">
      <Filter>Code\CodingByIntention</Filter>
    </ClCompile>
    <ClCompile Include="Tests\Factorials\FactorialApprovalTests.cpp" />
  </ItemGroup>
  <ItemGroup>
    <ClInclude Include="Code\Calculator\Calculator.h">
      <Filter>Code\Calculator</Filter>
    </ClInclude>
    <ClInclude Include="Code\Factorials\Factorials.h">
      <Filter>Code\Factorials</Filter>
    </ClInclude>
    <ClInclude Include="Code\GildedRose\GildedRose.h">
      <Filter>Code\GildedRose</Filter>
    </ClInclude>
    <ClInclude Include="Code\PastaMaker\Ingredient.h">
      <Filter>Code\PastaMaker</Filter>
    </ClInclude>
    <ClInclude Include="Code\PastaMaker\IngredientType.h">
      <Filter>Code\PastaMaker</Filter>
    </ClInclude>
    <ClInclude Include="Code\GildedRose\Item.h">
      <Filter>Code\GildedRose</Filter>
    </ClInclude>
    <ClInclude Include="Code\SOLID\NotImplementedException.h">
      <Filter>Code\SOLID</Filter>
    </ClInclude>
    <ClInclude Include="Code\SOLID\PackageType.h">
      <Filter>Code\SOLID</Filter>
    </ClInclude>
    <ClInclude Include="Code\PastaMaker\PastaMaker.h">
      <Filter>Code\PastaMaker</Filter>
    </ClInclude>
    <ClInclude Include="Code\PastaMaker\PastaType.h">
      <Filter>Code\PastaMaker</Filter>
    </ClInclude>
    <ClInclude Include="Code\PastaMaker\Place.h">
      <Filter>Code\PastaMaker</Filter>
    </ClInclude>
    <ClInclude Include="Code\PastaMaker\SauceType.h">
      <Filter>Code\PastaMaker</Filter>
    </ClInclude>
    <ClInclude Include="Code\SOLID\Student.h">
      <Filter>Code\SOLID</Filter>
    </ClInclude>
    <ClInclude Include="Code\SOLID\StudentRepository.h">
      <Filter>Code\SOLID</Filter>
    </ClInclude>
    <ClInclude Include="Code\SOLID\StudentService.h">
      <Filter>Code\SOLID</Filter>
    </ClInclude>
    <ClInclude Include="Code\SOLID\University.h">
      <Filter>Code\SOLID</Filter>
    </ClInclude>
    <ClInclude Include="Code\SOLID\UniversityRepository.h">
      <Filter>Code\SOLID</Filter>
    </ClInclude>
    <ClInclude Include="Code\Words\Words.h">
      <Filter>Code\Words</Filter>
    </ClInclude>
    <ClInclude Include="ApprovalTests.v.10.12.2.hpp">
      <Filter>Tests</Filter>
    </ClInclude>
    <ClInclude Include="Code\CodingByIntention\Navigator.h">
      <Filter>Code\CodingByIntention</Filter>
    </ClInclude>
  </ItemGroup>
  <ItemGroup>
    <Filter Include="Code">
      <UniqueIdentifier>{2ca8dc9d-f4d5-4baf-8734-2a29d6ad3020}</UniqueIdentifier>
    </Filter>
    <Filter Include="Tests">
      <UniqueIdentifier>{640b1a3e-d111-4ae8-8d72-4008da7904d4}</UniqueIdentifier>
    </Filter>
    <Filter Include="Code\Calculator">
      <UniqueIdentifier>{8cca9d3b-4ee7-443c-a6a5-d66431f937da}</UniqueIdentifier>
    </Filter>
    <Filter Include="Code\GildedRose">
      <UniqueIdentifier>{a6f2aa97-466a-419e-a487-fccd8ff51516}</UniqueIdentifier>
    </Filter>
    <Filter Include="Code\Factorials">
      <UniqueIdentifier>{bf69924a-8602-4172-adac-cf8a305d9737}</UniqueIdentifier>
    </Filter>
    <Filter Include="Code\PastaMaker">
      <UniqueIdentifier>{dab92a4e-dfe1-41a6-a091-30d6782e303e}</UniqueIdentifier>
    </Filter>
    <Filter Include="Code\SOLID">
      <UniqueIdentifier>{234add01-f50a-4025-9342-850ee18c472d}</UniqueIdentifier>
    </Filter>
    <Filter Include="Code\Words">
      <UniqueIdentifier>{0e78d2dc-dc78-4d63-b813-f4140390b3cd}</UniqueIdentifier>
    </Filter>
    <Filter Include="Tests\Factorials">
      <UniqueIdentifier>{aa924a41-1ec0-424f-810c-430ad3e1a91e}</UniqueIdentifier>
    </Filter>
    <Filter Include="Tests\StarWars">
      <UniqueIdentifier>{a945518e-9a6b-419d-9391-9c529dd55432}</UniqueIdentifier>
    </Filter>
    <Filter Include="Tests\GildedRose">
      <UniqueIdentifier>{556fb196-baf3-4293-8fe2-18e77413ddde}</UniqueIdentifier>
    </Filter>
    <Filter Include="Code\CodingByIntention">
      <UniqueIdentifier>{b3a77529-1dec-4d6e-a6ac-72d8b0173423}</UniqueIdentifier>
    </Filter>
  </ItemGroup>
  <ItemGroup>
    <Text Include="Tests\GildedRose\GildedRoseReqs.txt" />
  </ItemGroup>
  <ItemGroup>
    <None Include="packages.config" />
  </ItemGroup>
</Project>